
Microsoft Visual Studio Solution File, Format Version 12.00
# Visual Studio 2013
VisualStudioVersion = 12.0.31101.0
MinimumVisualStudioVersion = 10.0.40219.1
Project("{FAE04EC0-301F-11D3-BF4B-00C04F79EFBC}") = "TwitterDB_v1.0.Web", "TwitterDB_v1.0.Web\TwitterDB_v1.0.Web.csproj", "{FF9C54F1-65BB-4757-9AF4-6194C6DB7484}"
EndProject
Project("{FAE04EC0-301F-11D3-BF4B-00C04F79EFBC}") = "TwitterDB_v1.0.Data", "TwitterDB_v1.0.Data\TwitterDB_v1.0.Data.csproj", "{CBB06646-577E-44CB-BE79-7ED4307CC36B}"
EndProject
Global
	GlobalSection(SolutionConfigurationPlatforms) = preSolution
		Debug|Any CPU = Debug|Any CPU
		Release|Any CPU = Release|Any CPU
	EndGlobalSection
	GlobalSection(ProjectConfigurationPlatforms) = postSolution
		{FF9C54F1-65BB-4757-9AF4-6194C6DB7484}.Debug|Any CPU.ActiveCfg = Debug|Any CPU
		{FF9C54F1-65BB-4757-9AF4-6194C6DB7484}.Debug|Any CPU.Build.0 = Debug|Any CPU
		{FF9C54F1-65BB-4757-9AF4-6194C6DB7484}.Release|Any CPU.ActiveCfg = Release|Any CPU
		{FF9C54F1-65BB-4757-9AF4-6194C6DB7484}.Release|Any CPU.Build.0 = Release|Any CPU
		{CBB06646-577E-44CB-BE79-7ED4307CC36B}.Debug|Any CPU.ActiveCfg = Debug|Any CPU
		{CBB06646-577E-44CB-BE79-7ED4307CC36B}.Debug|Any CPU.Build.0 = Debug|Any CPU
		{CBB06646-577E-44CB-BE79-7ED4307CC36B}.Release|Any CPU.ActiveCfg = Release|Any CPU
		{CBB06646-577E-44CB-BE79-7ED4307CC36B}.Release|Any CPU.Build.0 = Release|Any CPU
	EndGlobalSection
	GlobalSection(SolutionProperties) = preSolution
		HideSolutionNode = FALSE
	EndGlobalSection
EndGlobal
